<Solution>
  <Folder Name="/src/">
    <Project Path="src/PulseOps.Data/PulseOps.Data.csproj" />
    <Project Path="src/PulseOps.Migrations/PulseOps.Migrations.csproj" />
  </Folder>
  <Project Path="PulseOps.AppHost/PulseOps.AppHost.csproj" />
  <Project Path="PulseOps.ServiceDefaults/PulseOps.ServiceDefaults.csproj" />
  <Project Path="src/PulseOps.Api/PulseOps.Api.csproj" />
  <Project Path="src/PulseOps.Web/PulseOps.Web.csproj" />
  <Project Path="tests/PulseOps.IntegrationTests/PulseOps.IntegrationTests.csproj" />
</Solution>
